
Microsoft Visual Studio Solution File, Format Version 12.00
# Visual Studio Version 17
VisualStudioVersion = 17.5.33516.290
MinimumVisualStudioVersion = 10.0.40219.1
Project("{9A19103F-16F7-4668-BE54-9A1E7A4F7556}") = "MonitoringAPI", "MonitoringAPI\MonitoringAPI.csproj", "{910EB37A-9A5D-4599-A762-EC7884F582E9}"
EndProject
Project("{2150E333-8FDC-42A3-9474-1A3956D46DE8}") = "Source", "Source", "{82019BAC-7996-48F7-9D3C-E0FA09394E7E}"
EndProject
Project("{2150E333-8FDC-42A3-9474-1A3956D46DE8}") = "Core", "Core", "{D7AE5E35-B900-4C1B-87C8-1898486D9CC8}"
EndProject
Project("{2150E333-8FDC-42A3-9474-1A3956D46DE8}") = "WebApi", "WebApi", "{09353DC8-1431-47C5-9DCF-5A49C4EEFE01}"
EndProject
Project("{2150E333-8FDC-42A3-9474-1A3956D46DE8}") = "Features", "Features", "{4FA118A7-C87D-44F6-8992-761B2D546ADA}"
EndProject
Project("{2150E333-8FDC-42A3-9474-1A3956D46DE8}") = "Infrastructure", "Infrastructure", "{0F8ECEBD-E349-4B2B-9AB1-81C25051DFE7}"
EndProject
Project("{FAE04EC0-301F-11D3-BF4B-00C04F79EFBC}") = "Core.Application", "Core.Application\Core.Application.csproj", "{3A870B1E-F49D-4F22-A6D5-90B453BB47B1}"
EndProject
Project("{FAE04EC0-301F-11D3-BF4B-00C04F79EFBC}") = "Features.Auth", "Features.Auth\Features.Auth.csproj", "{4F38D648-1E03-45BD-BB03-D89B76DFB7D8}"
EndProject
Project("{FAE04EC0-301F-11D3-BF4B-00C04F79EFBC}") = "Core.Domain", "Core.Domain\Core.Domain.csproj", "{97C5E4F1-42F3-4CB9-ADA6-215AE9F16695}"
EndProject
Project("{FAE04EC0-301F-11D3-BF4B-00C04F79EFBC}") = "Core.Enums", "Core.Enums\Core.Enums.csproj", "{A9B1F924-EAFA-4684-8EB7-D476FCBBC3BC}"
EndProject
Project("{FAE04EC0-301F-11D3-BF4B-00C04F79EFBC}") = "Features.EventLog", "Core.EventLog\Features.EventLog.csproj", "{DD07F557-F9A8-4D04-9B11-82C375A7F9A7}"
EndProject
Global
	GlobalSection(SolutionConfigurationPlatforms) = preSolution
		Debug|Any CPU = Debug|Any CPU
		Release|Any CPU = Release|Any CPU
	EndGlobalSection
	GlobalSection(ProjectConfigurationPlatforms) = postSolution
		{910EB37A-9A5D-4599-A762-EC7884F582E9}.Debug|Any CPU.ActiveCfg = Debug|Any CPU
		{910EB37A-9A5D-4599-A762-EC7884F582E9}.Debug|Any CPU.Build.0 = Debug|Any CPU
		{910EB37A-9A5D-4599-A762-EC7884F582E9}.Release|Any CPU.ActiveCfg = Release|Any CPU
		{910EB37A-9A5D-4599-A762-EC7884F582E9}.Release|Any CPU.Build.0 = Release|Any CPU
		{3A870B1E-F49D-4F22-A6D5-90B453BB47B1}.Debug|Any CPU.ActiveCfg = Debug|Any CPU
		{3A870B1E-F49D-4F22-A6D5-90B453BB47B1}.Debug|Any CPU.Build.0 = Debug|Any CPU
		{3A870B1E-F49D-4F22-A6D5-90B453BB47B1}.Release|Any CPU.ActiveCfg = Release|Any CPU
		{3A870B1E-F49D-4F22-A6D5-90B453BB47B1}.Release|Any CPU.Build.0 = Release|Any CPU
		{4F38D648-1E03-45BD-BB03-D89B76DFB7D8}.Debug|Any CPU.ActiveCfg = Debug|Any CPU
		{4F38D648-1E03-45BD-BB03-D89B76DFB7D8}.Debug|Any CPU.Build.0 = Debug|Any CPU
		{4F38D648-1E03-45BD-BB03-D89B76DFB7D8}.Release|Any CPU.ActiveCfg = Release|Any CPU
		{4F38D648-1E03-45BD-BB03-D89B76DFB7D8}.Release|Any CPU.Build.0 = Release|Any CPU
		{97C5E4F1-42F3-4CB9-ADA6-215AE9F16695}.Debug|Any CPU.ActiveCfg = Debug|Any CPU
		{97C5E4F1-42F3-4CB9-ADA6-215AE9F16695}.Debug|Any CPU.Build.0 = Debug|Any CPU
		{97C5E4F1-42F3-4CB9-ADA6-215AE9F16695}.Release|Any CPU.ActiveCfg = Release|Any CPU
		{97C5E4F1-42F3-4CB9-ADA6-215AE9F16695}.Release|Any CPU.Build.0 = Release|Any CPU
		{A9B1F924-EAFA-4684-8EB7-D476FCBBC3BC}.Debug|Any CPU.ActiveCfg = Debug|Any CPU
		{A9B1F924-EAFA-4684-8EB7-D476FCBBC3BC}.Debug|Any CPU.Build.0 = Debug|Any CPU
		{A9B1F924-EAFA-4684-8EB7-D476FCBBC3BC}.Release|Any CPU.ActiveCfg = Release|Any CPU
		{A9B1F924-EAFA-4684-8EB7-D476FCBBC3BC}.Release|Any CPU.Build.0 = Release|Any CPU
		{DD07F557-F9A8-4D04-9B11-82C375A7F9A7}.Debug|Any CPU.ActiveCfg = Debug|Any CPU
		{DD07F557-F9A8-4D04-9B11-82C375A7F9A7}.Debug|Any CPU.Build.0 = Debug|Any CPU
		{DD07F557-F9A8-4D04-9B11-82C375A7F9A7}.Release|Any CPU.ActiveCfg = Release|Any CPU
		{DD07F557-F9A8-4D04-9B11-82C375A7F9A7}.Release|Any CPU.Build.0 = Release|Any CPU
	EndGlobalSection
	GlobalSection(SolutionProperties) = preSolution
		HideSolutionNode = FALSE
	EndGlobalSection
	GlobalSection(NestedProjects) = preSolution
		{910EB37A-9A5D-4599-A762-EC7884F582E9} = {09353DC8-1431-47C5-9DCF-5A49C4EEFE01}
		{D7AE5E35-B900-4C1B-87C8-1898486D9CC8} = {82019BAC-7996-48F7-9D3C-E0FA09394E7E}
		{09353DC8-1431-47C5-9DCF-5A49C4EEFE01} = {82019BAC-7996-48F7-9D3C-E0FA09394E7E}
		{4FA118A7-C87D-44F6-8992-761B2D546ADA} = {82019BAC-7996-48F7-9D3C-E0FA09394E7E}
		{0F8ECEBD-E349-4B2B-9AB1-81C25051DFE7} = {82019BAC-7996-48F7-9D3C-E0FA09394E7E}
		{3A870B1E-F49D-4F22-A6D5-90B453BB47B1} = {D7AE5E35-B900-4C1B-87C8-1898486D9CC8}
		{4F38D648-1E03-45BD-BB03-D89B76DFB7D8} = {4FA118A7-C87D-44F6-8992-761B2D546ADA}
		{97C5E4F1-42F3-4CB9-ADA6-215AE9F16695} = {D7AE5E35-B900-4C1B-87C8-1898486D9CC8}
		{A9B1F924-EAFA-4684-8EB7-D476FCBBC3BC} = {D7AE5E35-B900-4C1B-87C8-1898486D9CC8}
		{DD07F557-F9A8-4D04-9B11-82C375A7F9A7} = {4FA118A7-C87D-44F6-8992-761B2D546ADA}
	EndGlobalSection
	GlobalSection(ExtensibilityGlobals) = postSolution
		SolutionGuid = {C993896A-FEBA-4041-BFA9-0C5EDBB1F85D}
	EndGlobalSection
EndGlobal
